<?xml version="1.0" encoding="utf-8"?>
<Project ToolsVersion="4.0" xmlns="http://schemas.microsoft.com/developer/msbuild/2003">
  <ItemGroup>
    <Filter Include="Source Files">
      <UniqueIdentifier>{4FC737F1-C7A5-4376-A066-2A32D752A2FF}</UniqueIdentifier>
      <Extensions>cpp;c;cc;cxx;def;odl;idl;hpj;bat;asm;asmx</Extensions>
    </Filter>
    <Filter Include="Source Files\Other">
      <UniqueIdentifier>{3b4fc71b-6b74-47b0-b2e4-b5f4eb25062c}</UniqueIdentifier>
    </Filter>
    <Filter Include="Source Files\Other\TinyXML">
      <UniqueIdentifier>{68ebc325-5a3f-4f09-8ec4-981895356df6}</UniqueIdentifier>
    </Filter>
    <Filter Include="Source Files\Server">
      <UniqueIdentifier>{dcd62702-f4e2-4c6a-ae14-d3056d7db32b}</UniqueIdentifier>
    </Filter>
    <Filter Include="Source Files\Network">
      <UniqueIdentifier>{f112d406-bf1c-4e7d-a68d-b216dbb8f8d9}</UniqueIdentifier>
    </Filter>
    <Filter Include="Source Files\Network\Packets">
      <UniqueIdentifier>{25c15110-4aa0-4628-90c3-0bd3c88d9714}</UniqueIdentifier>
    </Filter>
    <Filter Include="Source Files\Network\Players">
      <UniqueIdentifier>{e3f71ab5-6581-42c5-88d4-fa89fab4fa91}</UniqueIdentifier>
    </Filter>
    <Filter Include="Source Files\Network\RPC">
      <UniqueIdentifier>{dc4ffe87-274c-4f93-b304-b5feef4ae006}</UniqueIdentifier>
    </Filter>
    <Filter Include="Source Files\Network\RakNet">
      <UniqueIdentifier>{634976fd-598d-42e8-95da-3f36f2e5c479}</UniqueIdentifier>
    </Filter>
    <Filter Include="Source Files\Network\Query">
      <UniqueIdentifier>{70682a2e-07f3-4ae5-9556-fdf7853b87b8}</UniqueIdentifier>
    </Filter>
    <Filter Include="Source Files\Scripting">
      <UniqueIdentifier>{b1998a46-07d2-4e75-9ade-16edc855eafd}</UniqueIdentifier>
    </Filter>
    <Filter Include="Source Files\Scripting\Squirrel">
      <UniqueIdentifier>{aa8970d5-5d9c-4237-8340-81c6ac288522}</UniqueIdentifier>
    </Filter>
    <Filter Include="Source Files\Scripting\Natives">
      <UniqueIdentifier>{6e598a79-9ecf-4035-bdf0-686b5142e663}</UniqueIdentifier>
    </Filter>
    <Filter Include="Header Files">
      <UniqueIdentifier>{93995380-89BD-4b04-88EB-625FBE52EBFB}</UniqueIdentifier>
      <Extensions>h;hpp;hxx;hm;inl;inc;xsd</Extensions>
    </Filter>
    <Filter Include="Header Files\Other">
      <UniqueIdentifier>{78693740-358b-4ae0-9603-7a3658bed7b1}</UniqueIdentifier>
    </Filter>
    <Filter Include="Header Files\Other\TinyXML">
      <UniqueIdentifier>{0f526b61-7f50-4bf0-97bb-4d9c75c06ebd}</UniqueIdentifier>
    </Filter>
    <Filter Include="Header Files\Server">
      <UniqueIdentifier>{034d25fc-1bf1-4330-a443-7b5f5abde01e}</UniqueIdentifier>
    </Filter>
    <Filter Include="Header Files\Network">
      <UniqueIdentifier>{5914182d-4a04-4a7e-a1a1-6773552bca7e}</UniqueIdentifier>
    </Filter>
    <Filter Include="Header Files\Network\Packets">
      <UniqueIdentifier>{13a58111-ff49-4035-a68c-32dc7f5bafac}</UniqueIdentifier>
    </Filter>
    <Filter Include="Header Files\Network\Players">
      <UniqueIdentifier>{a8d4e250-55e0-4f1d-9a4c-8ea8a2ea629d}</UniqueIdentifier>
    </Filter>
    <Filter Include="Header Files\Network\RPC">
      <UniqueIdentifier>{96fa705e-8cb2-4cf8-8a45-f36108415598}</UniqueIdentifier>
    </Filter>
    <Filter Include="Header Files\Network\RakNet">
      <UniqueIdentifier>{e106da77-c1af-438b-bd35-d17b7add16fe}</UniqueIdentifier>
    </Filter>
    <Filter Include="Header Files\Network\Query">
      <UniqueIdentifier>{dda75396-ce8e-4b37-b736-cb0c4d17cb0f}</UniqueIdentifier>
    </Filter>
    <Filter Include="Header Files\Scripting">
      <UniqueIdentifier>{e9d7122b-283d-4b80-839c-24f30bbe97f7}</UniqueIdentifier>
    </Filter>
    <Filter Include="Header Files\Scripting\Squirrel">
      <UniqueIdentifier>{f150d541-5e30-4ba5-8cd0-c4389eb31996}</UniqueIdentifier>
    </Filter>
    <Filter Include="Header Files\Scripting\Natives">
      <UniqueIdentifier>{5f65c353-e6ea-4215-a5bb-58a7dc8abbf0}</UniqueIdentifier>
    </Filter>
  </ItemGroup>
  <ItemGroup>
    <ClCompile Include="Main.cpp">
      <Filter>Source Files</Filter>
    </ClCompile>
    <ClCompile Include="CLog.cpp">
      <Filter>Source Files\Other</Filter>
    </ClCompile>
    <ClCompile Include="..\Shared\CString.cpp">
      <Filter>Source Files\Other</Filter>
    </ClCompile>
    <ClCompile Include="..\Shared\CThread.cpp">
      <Filter>Source Files\Other</Filter>
    </ClCompile>
    <ClCompile Include="StdInc.cpp">
      <Filter>Source Files\Other</Filter>
    </ClCompile>
    <ClCompile Include="..\Vendor\TinyXML\Source\ticpp.cpp">
      <Filter>Source Files\Other\TinyXML</Filter>
    </ClCompile>
    <ClCompile Include="..\Vendor\TinyXML\Source\tinystr.cpp">
      <Filter>Source Files\Other\TinyXML</Filter>
    </ClCompile>
    <ClCompile Include="..\Vendor\TinyXML\Source\tinyxml.cpp">
      <Filter>Source Files\Other\TinyXML</Filter>
    </ClCompile>
    <ClCompile Include="..\Vendor\TinyXML\Source\tinyxmlerror.cpp">
      <Filter>Source Files\Other\TinyXML</Filter>
    </ClCompile>
    <ClCompile Include="..\Vendor\TinyXML\Source\tinyxmlparser.cpp">
      <Filter>Source Files\Other\TinyXML</Filter>
    </ClCompile>
    <ClCompile Include="CCommandSystem.cpp">
      <Filter>Source Files\Server</Filter>
    </ClCompile>
    <ClCompile Include="CConfig.cpp">
      <Filter>Source Files\Server</Filter>
    </ClCompile>
    <ClCompile Include="CServer.cpp">
      <Filter>Source Files\Server</Filter>
    </ClCompile>
    <ClCompile Include="CNetworkManager.cpp">
      <Filter>Source Files\Network</Filter>
    </ClCompile>
    <ClCompile Include="CPacketManager.cpp">
      <Filter>Source Files\Network\Packets</Filter>
    </ClCompile>
    <ClCompile Include="CPlayerRPCS.cpp">
      <Filter>Source Files\Network\Packets</Filter>
    </ClCompile>
    <ClCompile Include="CPlayer.cpp">
      <Filter>Source Files\Network\Players</Filter>
    </ClCompile>
    <ClCompile Include="..\Shared\Network\CRPCManager.cpp">
      <Filter>Source Files\Network\RPC</Filter>
    </ClCompile>
    <ClCompile Include="..\Vendor\RakNet\Source\_FindFirst.cpp">
      <Filter>Source Files\Network\RakNet</Filter>
    </ClCompile>
    <ClCompile Include="..\Vendor\RakNet\Source\BitStream.cpp">
      <Filter>Source Files\Network\RakNet</Filter>
    </ClCompile>
    <ClCompile Include="..\Vendor\RakNet\Source\CCRakNetSlidingWindow.cpp">
      <Filter>Source Files\Network\RakNet</Filter>
    </ClCompile>
    <ClCompile Include="..\Vendor\RakNet\Source\CCRakNetUDT.cpp">
      <Filter>Source Files\Network\RakNet</Filter>
    </ClCompile>
    <ClCompile Include="..\Vendor\RakNet\Source\CheckSum.cpp">
      <Filter>Source Files\Network\RakNet</Filter>
    </ClCompile>
    <ClCompile Include="..\Vendor\RakNet\Source\CloudClient.cpp">
      <Filter>Source Files\Network\RakNet</Filter>
    </ClCompile>
    <ClCompile Include="..\Vendor\RakNet\Source\CloudCommon.cpp">
      <Filter>Source Files\Network\RakNet</Filter>
    </ClCompile>
    <ClCompile Include="..\Vendor\RakNet\Source\CloudServer.cpp">
      <Filter>Source Files\Network\RakNet</Filter>
    </ClCompile>
    <ClCompile Include="..\Vendor\RakNet\Source\CommandParserInterface.cpp">
      <Filter>Source Files\Network\RakNet</Filter>
    </ClCompile>
    <ClCompile Include="..\Vendor\RakNet\Source\ConnectionGraph2.cpp">
      <Filter>Source Files\Network\RakNet</Filter>
    </ClCompile>
    <ClCompile Include="..\Vendor\RakNet\Source\ConsoleServer.cpp">
      <Filter>Source Files\Network\RakNet</Filter>
    </ClCompile>
    <ClCompile Include="..\Vendor\RakNet\Source\DataCompressor.cpp">
      <Filter>Source Files\Network\RakNet</Filter>
    </ClCompile>
    <ClCompile Include="..\Vendor\RakNet\Source\DirectoryDeltaTransfer.cpp">
      <Filter>Source Files\Network\RakNet</Filter>
    </ClCompile>
    <ClCompile Include="..\Vendor\RakNet\Source\DS_BytePool.cpp">
      <Filter>Source Files\Network\RakNet</Filter>
    </ClCompile>
    <ClCompile Include="..\Vendor\RakNet\Source\DS_ByteQueue.cpp">
      <Filter>Source Files\Network\RakNet</Filter>
    </ClCompile>
    <ClCompile Include="..\Vendor\RakNet\Source\DS_HuffmanEncodingTree.cpp">
      <Filter>Source Files\Network\RakNet</Filter>
    </ClCompile>
    <ClCompile Include="..\Vendor\RakNet\Source\DS_Table.cpp">
      <Filter>Source Files\Network\RakNet</Filter>
    </ClCompile>
    <ClCompile Include="..\Vendor\RakNet\Source\DynDNS.cpp">
      <Filter>Source Files\Network\RakNet</Filter>
    </ClCompile>
    <ClCompile Include="..\Vendor\RakNet\Source\EmailSender.cpp">
      <Filter>Source Files\Network\RakNet</Filter>
    </ClCompile>
    <ClCompile Include="..\Vendor\RakNet\Source\EncodeClassName.cpp">
      <Filter>Source Files\Network\RakNet</Filter>
    </ClCompile>
    <ClCompile Include="..\Vendor\RakNet\Source\EpochTimeToString.cpp">
      <Filter>Source Files\Network\RakNet</Filter>
    </ClCompile>
    <ClCompile Include="..\Vendor\RakNet\Source\FileList.cpp">
      <Filter>Source Files\Network\RakNet</Filter>
    </ClCompile>
    <ClCompile Include="..\Vendor\RakNet\Source\FileListTransfer.cpp">
      <Filter>Source Files\Network\RakNet</Filter>
    </ClCompile>
    <ClCompile Include="..\Vendor\RakNet\Source\FileOperations.cpp">
      <Filter>Source Files\Network\RakNet</Filter>
    </ClCompile>
    <ClCompile Include="..\Vendor\RakNet\Source\FormatString.cpp">
      <Filter>Source Files\Network\RakNet</Filter>
    </ClCompile>
    <ClCompile Include="..\Vendor\RakNet\Source\FullyConnectedMesh2.cpp">
      <Filter>Source Files\Network\RakNet</Filter>
    </ClCompile>
    <ClCompile Include="..\Vendor\RakNet\Source\Getche.cpp">
      <Filter>Source Files\Network\RakNet</Filter>
    </ClCompile>
    <ClCompile Include="..\Vendor\RakNet\Source\Gets.cpp">
      <Filter>Source Files\Network\RakNet</Filter>
    </ClCompile>
    <ClCompile Include="..\Vendor\RakNet\Source\GetTime.cpp">
      <Filter>Source Files\Network\RakNet</Filter>
    </ClCompile>
    <ClCompile Include="..\Vendor\RakNet\Source\gettimeofday.cpp">
      <Filter>Source Files\Network\RakNet</Filter>
    </ClCompile>
    <ClCompile Include="..\Vendor\RakNet\Source\GridSectorizer.cpp">
      <Filter>Source Files\Network\RakNet</Filter>
    </ClCompile>
    <ClCompile Include="..\Vendor\RakNet\Source\HTTPConnection.cpp">
      <Filter>Source Files\Network\RakNet</Filter>
    </ClCompile>
    <ClCompile Include="..\Vendor\RakNet\Source\IncrementalReadInterface.cpp">
      <Filter>Source Files\Network\RakNet</Filter>
    </ClCompile>
    <ClCompile Include="..\Vendor\RakNet\Source\Itoa.cpp">
      <Filter>Source Files\Network\RakNet</Filter>
    </ClCompile>
    <ClCompile Include="..\Vendor\RakNet\Source\LinuxStrings.cpp">
      <Filter>Source Files\Network\RakNet</Filter>
    </ClCompile>
    <ClCompile Include="..\Vendor\RakNet\Source\LocklessTypes.cpp">
      <Filter>Source Files\Network\RakNet</Filter>
    </ClCompile>
    <ClCompile Include="..\Vendor\RakNet\Source\LogCommandParser.cpp">
      <Filter>Source Files\Network\RakNet</Filter>
    </ClCompile>
    <ClCompile Include="..\Vendor\RakNet\Source\MessageFilter.cpp">
      <Filter>Source Files\Network\RakNet</Filter>
    </ClCompile>
    <ClCompile Include="..\Vendor\RakNet\Source\NatPunchthroughClient.cpp">
      <Filter>Source Files\Network\RakNet</Filter>
    </ClCompile>
    <ClCompile Include="..\Vendor\RakNet\Source\NatPunchthroughServer.cpp">
      <Filter>Source Files\Network\RakNet</Filter>
    </ClCompile>
    <ClCompile Include="..\Vendor\RakNet\Source\NatTypeDetectionClient.cpp">
      <Filter>Source Files\Network\RakNet</Filter>
    </ClCompile>
    <ClCompile Include="..\Vendor\RakNet\Source\NatTypeDetectionCommon.cpp">
      <Filter>Source Files\Network\RakNet</Filter>
    </ClCompile>
    <ClCompile Include="..\Vendor\RakNet\Source\NatTypeDetectionServer.cpp">
      <Filter>Source Files\Network\RakNet</Filter>
    </ClCompile>
    <ClCompile Include="..\Vendor\RakNet\Source\NetworkIDManager.cpp">
      <Filter>Source Files\Network\RakNet</Filter>
    </ClCompile>
    <ClCompile Include="..\Vendor\RakNet\Source\NetworkIDObject.cpp">
      <Filter>Source Files\Network\RakNet</Filter>
    </ClCompile>
    <ClCompile Include="..\Vendor\RakNet\Source\PacketConsoleLogger.cpp">
      <Filter>Source Files\Network\RakNet</Filter>
    </ClCompile>
    <ClCompile Include="..\Vendor\RakNet\Source\PacketFileLogger.cpp">
      <Filter>Source Files\Network\RakNet</Filter>
    </ClCompile>
    <ClCompile Include="..\Vendor\RakNet\Source\PacketizedTCP.cpp">
      <Filter>Source Files\Network\RakNet</Filter>
    </ClCompile>
    <ClCompile Include="..\Vendor\RakNet\Source\PacketLogger.cpp">
      <Filter>Source Files\Network\RakNet</Filter>
    </ClCompile>
    <ClCompile Include="..\Vendor\RakNet\Source\PacketOutputWindowLogger.cpp">
      <Filter>Source Files\Network\RakNet</Filter>
    </ClCompile>
    <ClCompile Include="..\Vendor\RakNet\Source\PluginInterface2.cpp">
      <Filter>Source Files\Network\RakNet</Filter>
    </ClCompile>
    <ClCompile Include="..\Vendor\RakNet\Source\Rackspace.cpp">
      <Filter>Source Files\Network\RakNet</Filter>
    </ClCompile>
    <ClCompile Include="..\Vendor\RakNet\Source\RakMemoryOverride.cpp">
      <Filter>Source Files\Network\RakNet</Filter>
    </ClCompile>
    <ClCompile Include="..\Vendor\RakNet\Source\RakNetCommandParser.cpp">
      <Filter>Source Files\Network\RakNet</Filter>
    </ClCompile>
    <ClCompile Include="..\Vendor\RakNet\Source\RakNetSocket.cpp">
      <Filter>Source Files\Network\RakNet</Filter>
    </ClCompile>
    <ClCompile Include="..\Vendor\RakNet\Source\RakNetStatistics.cpp">
      <Filter>Source Files\Network\RakNet</Filter>
    </ClCompile>
    <ClCompile Include="..\Vendor\RakNet\Source\RakNetTransport2.cpp">
      <Filter>Source Files\Network\RakNet</Filter>
    </ClCompile>
    <ClCompile Include="..\Vendor\RakNet\Source\RakNetTypes.cpp">
      <Filter>Source Files\Network\RakNet</Filter>
    </ClCompile>
    <ClCompile Include="..\Vendor\RakNet\Source\RakPeer.cpp">
      <Filter>Source Files\Network\RakNet</Filter>
    </ClCompile>
    <ClCompile Include="..\Vendor\RakNet\Source\RakSleep.cpp">
      <Filter>Source Files\Network\RakNet</Filter>
    </ClCompile>
    <ClCompile Include="..\Vendor\RakNet\Source\RakString.cpp">
      <Filter>Source Files\Network\RakNet</Filter>
    </ClCompile>
    <ClCompile Include="..\Vendor\RakNet\Source\RakThread.cpp">
      <Filter>Source Files\Network\RakNet</Filter>
    </ClCompile>
    <ClCompile Include="..\Vendor\RakNet\Source\RakWString.cpp">
      <Filter>Source Files\Network\RakNet</Filter>
    </ClCompile>
    <ClCompile Include="..\Vendor\RakNet\Source\Rand.cpp">
      <Filter>Source Files\Network\RakNet</Filter>
    </ClCompile>
    <ClCompile Include="..\Vendor\RakNet\Source\rdlmalloc.cpp">
      <Filter>Source Files\Network\RakNet</Filter>
    </ClCompile>
    <ClCompile Include="..\Vendor\RakNet\Source\ReadyEvent.cpp">
      <Filter>Source Files\Network\RakNet</Filter>
    </ClCompile>
    <ClCompile Include="..\Vendor\RakNet\Source\ReliabilityLayer.cpp">
      <Filter>Source Files\Network\RakNet</Filter>
    </ClCompile>
    <ClCompile Include="..\Vendor\RakNet\Source\ReplicaManager3.cpp">
      <Filter>Source Files\Network\RakNet</Filter>
    </ClCompile>
    <ClCompile Include="..\Vendor\RakNet\Source\Router2.cpp">
      <Filter>Source Files\Network\RakNet</Filter>
    </ClCompile>
    <ClCompile Include="..\Vendor\RakNet\Source\RPC4Plugin.cpp">
      <Filter>Source Files\Network\RakNet</Filter>
    </ClCompile>
    <ClCompile Include="..\Vendor\RakNet\Source\SecureHandshake.cpp">
      <Filter>Source Files\Network\RakNet</Filter>
    </ClCompile>
    <ClCompile Include="..\Vendor\RakNet\Source\SendToThread.cpp">
      <Filter>Source Files\Network\RakNet</Filter>
    </ClCompile>
    <ClCompile Include="..\Vendor\RakNet\Source\SHA1.cpp">
      <Filter>Source Files\Network\RakNet</Filter>
    </ClCompile>
    <ClCompile Include="..\Vendor\RakNet\Source\SignaledEvent.cpp">
      <Filter>Source Files\Network\RakNet</Filter>
    </ClCompile>
    <ClCompile Include="..\Vendor\RakNet\Source\SimpleMutex.cpp">
      <Filter>Source Files\Network\RakNet</Filter>
    </ClCompile>
    <ClCompile Include="..\Vendor\RakNet\Source\SocketLayer.cpp">
      <Filter>Source Files\Network\RakNet</Filter>
    </ClCompile>
    <ClCompile Include="..\Vendor\RakNet\Source\StringCompressor.cpp">
      <Filter>Source Files\Network\RakNet</Filter>
    </ClCompile>
    <ClCompile Include="..\Vendor\RakNet\Source\StringTable.cpp">
      <Filter>Source Files\Network\RakNet</Filter>
    </ClCompile>
    <ClCompile Include="..\Vendor\RakNet\Source\SuperFastHash.cpp">
      <Filter>Source Files\Network\RakNet</Filter>
    </ClCompile>
    <ClCompile Include="..\Vendor\RakNet\Source\TableSerializer.cpp">
      <Filter>Source Files\Network\RakNet</Filter>
    </ClCompile>
    <ClCompile Include="..\Vendor\RakNet\Source\TCPInterface.cpp">
      <Filter>Source Files\Network\RakNet</Filter>
    </ClCompile>
    <ClCompile Include="..\Vendor\RakNet\Source\TeamBalancer.cpp">
      <Filter>Source Files\Network\RakNet</Filter>
    </ClCompile>
    <ClCompile Include="..\Vendor\RakNet\Source\TelnetTransport.cpp">
      <Filter>Source Files\Network\RakNet</Filter>
    </ClCompile>
    <ClCompile Include="..\Vendor\RakNet\Source\ThreadsafePacketLogger.cpp">
      <Filter>Source Files\Network\RakNet</Filter>
    </ClCompile>
    <ClCompile Include="..\Vendor\RakNet\Source\TwoWayAuthentication.cpp">
      <Filter>Source Files\Network\RakNet</Filter>
    </ClCompile>
    <ClCompile Include="..\Vendor\RakNet\Source\UDPForwarder.cpp">
      <Filter>Source Files\Network\RakNet</Filter>
    </ClCompile>
    <ClCompile Include="..\Vendor\RakNet\Source\UDPProxyClient.cpp">
      <Filter>Source Files\Network\RakNet</Filter>
    </ClCompile>
    <ClCompile Include="..\Vendor\RakNet\Source\UDPProxyCoordinator.cpp">
      <Filter>Source Files\Network\RakNet</Filter>
    </ClCompile>
    <ClCompile Include="..\Vendor\RakNet\Source\UDPProxyServer.cpp">
      <Filter>Source Files\Network\RakNet</Filter>
    </ClCompile>
    <ClCompile Include="..\Vendor\RakNet\Source\VariableDeltaSerializer.cpp">
      <Filter>Source Files\Network\RakNet</Filter>
    </ClCompile>
    <ClCompile Include="..\Vendor\RakNet\Source\VariableListDeltaTracker.cpp">
      <Filter>Source Files\Network\RakNet</Filter>
    </ClCompile>
    <ClCompile Include="..\Vendor\RakNet\Source\VariadicSQLParser.cpp">
      <Filter>Source Files\Network\RakNet</Filter>
    </ClCompile>
    <ClCompile Include="..\Vendor\RakNet\Source\VitaIncludes.cpp">
      <Filter>Source Files\Network\RakNet</Filter>
    </ClCompile>
    <ClCompile Include="..\Vendor\RakNet\Source\WSAStartupSingleton.cpp">
      <Filter>Source Files\Network\RakNet</Filter>
    </ClCompile>
    <ClCompile Include="CPlayerManager.cpp">
      <Filter>Source Files\Network\Query</Filter>
    </ClCompile>
    <ClCompile Include="CQuery.cpp">
      <Filter>Source Files\Network\Query</Filter>
    </ClCompile>
    <ClCompile Include="CEventManager.cpp">
      <Filter>Source Files\Scripting</Filter>
    </ClCompile>
    <ClCompile Include="CResource.cpp">
      <Filter>Source Files\Scripting</Filter>
    </ClCompile>
    <ClCompile Include="CResourceManager.cpp">
      <Filter>Source Files\Scripting</Filter>
    </ClCompile>
    <ClCompile Include="CResourceScript.cpp">
      <Filter>Source Files\Scripting</Filter>
    </ClCompile>
    <ClCompile Include="CSquirrelArguments.cpp">
      <Filter>Source Files\Scripting</Filter>
    </ClCompile>
    <ClCompile Include="..\Vendor\Squirrel\squirrel\sqapi.cpp">
      <Filter>Source Files\Scripting\Squirrel</Filter>
    </ClCompile>
    <ClCompile Include="..\Vendor\Squirrel\squirrel\sqbaselib.cpp">
      <Filter>Source Files\Scripting\Squirrel</Filter>
    </ClCompile>
    <ClCompile Include="..\Vendor\Squirrel\squirrel\sqclass.cpp">
      <Filter>Source Files\Scripting\Squirrel</Filter>
    </ClCompile>
    <ClCompile Include="..\Vendor\Squirrel\squirrel\sqcompiler.cpp">
      <Filter>Source Files\Scripting\Squirrel</Filter>
    </ClCompile>
    <ClCompile Include="..\Vendor\Squirrel\squirrel\sqdebug.cpp">
      <Filter>Source Files\Scripting\Squirrel</Filter>
    </ClCompile>
    <ClCompile Include="..\Vendor\Squirrel\squirrel\sqfuncstate.cpp">
      <Filter>Source Files\Scripting\Squirrel</Filter>
    </ClCompile>
    <ClCompile Include="..\Vendor\Squirrel\squirrel\sqlexer.cpp">
      <Filter>Source Files\Scripting\Squirrel</Filter>
    </ClCompile>
    <ClCompile Include="..\Vendor\Squirrel\squirrel\sqmem.cpp">
      <Filter>Source Files\Scripting\Squirrel</Filter>
    </ClCompile>
    <ClCompile Include="..\Vendor\Squirrel\squirrel\sqobject.cpp">
      <Filter>Source Files\Scripting\Squirrel</Filter>
    </ClCompile>
    <ClCompile Include="..\Vendor\Squirrel\squirrel\sqstate.cpp">
      <Filter>Source Files\Scripting\Squirrel</Filter>
    </ClCompile>
    <ClCompile Include="..\Vendor\Squirrel\sqstdlib\sqstdaux.cpp">
      <Filter>Source Files\Scripting\Squirrel</Filter>
    </ClCompile>
    <ClCompile Include="..\Vendor\Squirrel\sqstdlib\sqstdblob.cpp">
      <Filter>Source Files\Scripting\Squirrel</Filter>
    </ClCompile>
    <ClCompile Include="..\Vendor\Squirrel\sqstdlib\sqstdio.cpp">
      <Filter>Source Files\Scripting\Squirrel</Filter>
    </ClCompile>
    <ClCompile Include="..\Vendor\Squirrel\sqstdlib\sqstdmath.cpp">
      <Filter>Source Files\Scripting\Squirrel</Filter>
    </ClCompile>
    <ClCompile Include="..\Vendor\Squirrel\sqstdlib\sqstdrex.cpp">
      <Filter>Source Files\Scripting\Squirrel</Filter>
    </ClCompile>
    <ClCompile Include="..\Vendor\Squirrel\sqstdlib\sqstdstream.cpp">
      <Filter>Source Files\Scripting\Squirrel</Filter>
    </ClCompile>
    <ClCompile Include="..\Vendor\Squirrel\sqstdlib\sqstdstring.cpp">
      <Filter>Source Files\Scripting\Squirrel</Filter>
    </ClCompile>
    <ClCompile Include="..\Vendor\Squirrel\sqstdlib\sqstdsystem.cpp">
      <Filter>Source Files\Scripting\Squirrel</Filter>
    </ClCompile>
    <ClCompile Include="..\Vendor\Squirrel\squirrel\sqtable.cpp">
      <Filter>Source Files\Scripting\Squirrel</Filter>
    </ClCompile>
    <ClCompile Include="..\Vendor\Squirrel\squirrel\sqvm.cpp">
      <Filter>Source Files\Scripting\Squirrel</Filter>
    </ClCompile>
    <ClCompile Include="Natives\CEventNatives.cpp">
      <Filter>Source Files\Scripting\Natives</Filter>
    </ClCompile>
    <ClCompile Include="Natives\CPlayerNatives.cpp">
      <Filter>Source Files\Scripting\Natives</Filter>
    </ClCompile>
  </ItemGroup>
  <ItemGroup>
    <ClInclude Include="Main.h">
      <Filter>Header Files</Filter>
    </ClInclude>
    <ClInclude Include="CLog.h">
      <Filter>Header Files\Other</Filter>
    </ClInclude>
    <ClInclude Include="..\Shared\CString.h">
      <Filter>Header Files\Other</Filter>
    </ClInclude>
    <ClInclude Include="..\Shared\CThread.h">
      <Filter>Header Files\Other</Filter>
    </ClInclude>
    <ClInclude Include="..\Shared\Shared.h">
      <Filter>Header Files\Other</Filter>
    </ClInclude>
    <ClInclude Include="StdInc.h">
      <Filter>Header Files\Other</Filter>
    </ClInclude>
    <ClInclude Include="..\Vendor\TinyXML\Header\ticpp.h">
      <Filter>Header Files\Other\TinyXML</Filter>
    </ClInclude>
    <ClInclude Include="..\Vendor\TinyXML\Header\ticpprc.h">
      <Filter>Header Files\Other\TinyXML</Filter>
    </ClInclude>
    <ClInclude Include="..\Vendor\TinyXML\Header\tinystr.h">
      <Filter>Header Files\Other\TinyXML</Filter>
    </ClInclude>
    <ClInclude Include="..\Vendor\TinyXML\Header\tinyxml.h">
      <Filter>Header Files\Other\TinyXML</Filter>
    </ClInclude>
    <ClInclude Include="CCommandSystem.h">
      <Filter>Header Files\Server</Filter>
    </ClInclude>
    <ClInclude Include="CConfig.h">
      <Filter>Header Files\Server</Filter>
    </ClInclude>
    <ClInclude Include="CServer.h">
      <Filter>Header Files\Server</Filter>
    </ClInclude>
    <ClInclude Include="CNetworkManager.h">
      <Filter>Header Files\Network</Filter>
    </ClInclude>
    <ClInclude Include="CPacketManager.h">
      <Filter>Header Files\Network\Packets</Filter>
    </ClInclude>
    <ClInclude Include="CPlayerRPCS.h">
      <Filter>Header Files\Network\Packets</Filter>
    </ClInclude>
    <ClInclude Include="CPlayer.h">
      <Filter>Header Files\Network\Players</Filter>
    </ClInclude>
    <ClInclude Include="CPlayerManager.h">
      <Filter>Header Files\Network\Players</Filter>
    </ClInclude>
    <ClInclude Include="..\Shared\Network\CRPCManager.h">
      <Filter>Header Files\Network\RPC</Filter>
    </ClInclude>
    <ClInclude Include="..\Shared\Network\RPCIdentifiers.h">
      <Filter>Header Files\Network\RPC</Filter>
    </ClInclude>
    <ClInclude Include="..\Vendor\RakNet\Source\_FindFirst.h">
      <Filter>Header Files\Network\RakNet</Filter>
    </ClInclude>
    <ClInclude Include="..\Vendor\RakNet\Source\AutopatcherPatchContext.h">
      <Filter>Header Files\Network\RakNet</Filter>
    </ClInclude>
    <ClInclude Include="..\Vendor\RakNet\Source\AutopatcherRepositoryInterface.h">
      <Filter>Header Files\Network\RakNet</Filter>
    </ClInclude>
    <ClInclude Include="..\Vendor\RakNet\Source\BitStream.h">
      <Filter>Header Files\Network\RakNet</Filter>
    </ClInclude>
    <ClInclude Include="..\Vendor\RakNet\Source\CCRakNetSlidingWindow.h">
      <Filter>Header Files\Network\RakNet</Filter>
    </ClInclude>
    <ClInclude Include="..\Vendor\RakNet\Source\CCRakNetUDT.h">
      <Filter>Header Files\Network\RakNet</Filter>
    </ClInclude>
    <ClInclude Include="..\Vendor\RakNet\Source\CheckSum.h">
      <Filter>Header Files\Network\RakNet</Filter>
    </ClInclude>
    <ClInclude Include="..\Vendor\RakNet\Source\CloudClient.h">
      <Filter>Header Files\Network\RakNet</Filter>
    </ClInclude>
    <ClInclude Include="..\Vendor\RakNet\Source\CloudCommon.h">
      <Filter>Header Files\Network\RakNet</Filter>
    </ClInclude>
    <ClInclude Include="..\Vendor\RakNet\Source\CloudServer.h">
      <Filter>Header Files\Network\RakNet</Filter>
    </ClInclude>
    <ClInclude Include="..\Vendor\RakNet\Source\CommandParserInterface.h">
      <Filter>Header Files\Network\RakNet</Filter>
    </ClInclude>
    <ClInclude Include="..\Vendor\RakNet\Source\ConnectionGraph2.h">
      <Filter>Header Files\Network\RakNet</Filter>
    </ClInclude>
    <ClInclude Include="..\Vendor\RakNet\Source\ConsoleServer.h">
      <Filter>Header Files\Network\RakNet</Filter>
    </ClInclude>
    <ClInclude Include="..\Vendor\RakNet\Source\DataCompressor.h">
      <Filter>Header Files\Network\RakNet</Filter>
    </ClInclude>
    <ClInclude Include="..\Vendor\RakNet\Source\DirectoryDeltaTransfer.h">
      <Filter>Header Files\Network\RakNet</Filter>
    </ClInclude>
    <ClInclude Include="..\Vendor\RakNet\Source\DS_BinarySearchTree.h">
      <Filter>Header Files\Network\RakNet</Filter>
    </ClInclude>
    <ClInclude Include="..\Vendor\RakNet\Source\DS_BPlusTree.h">
      <Filter>Header Files\Network\RakNet</Filter>
    </ClInclude>
    <ClInclude Include="..\Vendor\RakNet\Source\DS_BytePool.h">
      <Filter>Header Files\Network\RakNet</Filter>
    </ClInclude>
    <ClInclude Include="..\Vendor\RakNet\Source\DS_ByteQueue.h">
      <Filter>Header Files\Network\RakNet</Filter>
    </ClInclude>
    <ClInclude Include="..\Vendor\RakNet\Source\DS_Hash.h">
      <Filter>Header Files\Network\RakNet</Filter>
    </ClInclude>
    <ClInclude Include="..\Vendor\RakNet\Source\DS_Heap.h">
      <Filter>Header Files\Network\RakNet</Filter>
    </ClInclude>
    <ClInclude Include="..\Vendor\RakNet\Source\DS_HuffmanEncodingTree.h">
      <Filter>Header Files\Network\RakNet</Filter>
    </ClInclude>
    <ClInclude Include="..\Vendor\RakNet\Source\DS_HuffmanEncodingTreeFactory.h">
      <Filter>Header Files\Network\RakNet</Filter>
    </ClInclude>
    <ClInclude Include="..\Vendor\RakNet\Source\DS_HuffmanEncodingTreeNode.h">
      <Filter>Header Files\Network\RakNet</Filter>
    </ClInclude>
    <ClInclude Include="..\Vendor\RakNet\Source\DS_LinkedList.h">
      <Filter>Header Files\Network\RakNet</Filter>
    </ClInclude>
    <ClInclude Include="..\Vendor\RakNet\Source\DS_List.h">
      <Filter>Header Files\Network\RakNet</Filter>
    </ClInclude>
    <ClInclude Include="..\Vendor\RakNet\Source\DS_Map.h">
      <Filter>Header Files\Network\RakNet</Filter>
    </ClInclude>
    <ClInclude Include="..\Vendor\RakNet\Source\DS_MemoryPool.h">
      <Filter>Header Files\Network\RakNet</Filter>
    </ClInclude>
    <ClInclude Include="..\Vendor\RakNet\Source\DS_Multilist.h">
      <Filter>Header Files\Network\RakNet</Filter>
    </ClInclude>
    <ClInclude Include="..\Vendor\RakNet\Source\DS_OrderedChannelHeap.h">
      <Filter>Header Files\Network\RakNet</Filter>
    </ClInclude>
    <ClInclude Include="..\Vendor\RakNet\Source\DS_OrderedList.h">
      <Filter>Header Files\Network\RakNet</Filter>
    </ClInclude>
    <ClInclude Include="..\Vendor\RakNet\Source\DS_Queue.h">
      <Filter>Header Files\Network\RakNet</Filter>
    </ClInclude>
    <ClInclude Include="..\Vendor\RakNet\Source\DS_QueueLinkedList.h">
      <Filter>Header Files\Network\RakNet</Filter>
    </ClInclude>
    <ClInclude Include="..\Vendor\RakNet\Source\DS_RangeList.h">
      <Filter>Header Files\Network\RakNet</Filter>
    </ClInclude>
    <ClInclude Include="..\Vendor\RakNet\Source\DS_Table.h">
      <Filter>Header Files\Network\RakNet</Filter>
    </ClInclude>
    <ClInclude Include="..\Vendor\RakNet\Source\DS_ThreadsafeAllocatingQueue.h">
      <Filter>Header Files\Network\RakNet</Filter>
    </ClInclude>
    <ClInclude Include="..\Vendor\RakNet\Source\DS_Tree.h">
      <Filter>Header Files\Network\RakNet</Filter>
    </ClInclude>
    <ClInclude Include="..\Vendor\RakNet\Source\DS_WeightedGraph.h">
      <Filter>Header Files\Network\RakNet</Filter>
    </ClInclude>
    <ClInclude Include="..\Vendor\RakNet\Source\DynDNS.h">
      <Filter>Header Files\Network\RakNet</Filter>
    </ClInclude>
    <ClInclude Include="..\Vendor\RakNet\Source\EmailSender.h">
      <Filter>Header Files\Network\RakNet</Filter>
    </ClInclude>
    <ClInclude Include="..\Vendor\RakNet\Source\EpochTimeToString.h">
      <Filter>Header Files\Network\RakNet</Filter>
    </ClInclude>
    <ClInclude Include="..\Vendor\RakNet\Source\Export.h">
      <Filter>Header Files\Network\RakNet</Filter>
    </ClInclude>
    <ClInclude Include="..\Vendor\RakNet\Source\FileList.h">
      <Filter>Header Files\Network\RakNet</Filter>
    </ClInclude>
    <ClInclude Include="..\Vendor\RakNet\Source\FileListNodeContext.h">
      <Filter>Header Files\Network\RakNet</Filter>
    </ClInclude>
    <ClInclude Include="..\Vendor\RakNet\Source\FileListTransfer.h">
      <Filter>Header Files\Network\RakNet</Filter>
    </ClInclude>
    <ClInclude Include="..\Vendor\RakNet\Source\FileListTransferCBInterface.h">
      <Filter>Header Files\Network\RakNet</Filter>
    </ClInclude>
    <ClInclude Include="..\Vendor\RakNet\Source\FileOperations.h">
      <Filter>Header Files\Network\RakNet</Filter>
    </ClInclude>
    <ClInclude Include="..\Vendor\RakNet\Source\FormatString.h">
      <Filter>Header Files\Network\RakNet</Filter>
    </ClInclude>
    <ClInclude Include="..\Vendor\RakNet\Source\FullyConnectedMesh2.h">
      <Filter>Header Files\Network\RakNet</Filter>
    </ClInclude>
    <ClInclude Include="..\Vendor\RakNet\Source\Getche.h">
      <Filter>Header Files\Network\RakNet</Filter>
    </ClInclude>
    <ClInclude Include="..\Vendor\RakNet\Source\Gets.h">
      <Filter>Header Files\Network\RakNet</Filter>
    </ClInclude>
    <ClInclude Include="..\Vendor\RakNet\Source\GetTime.h">
      <Filter>Header Files\Network\RakNet</Filter>
    </ClInclude>
    <ClInclude Include="..\Vendor\RakNet\Source\gettimeofday.h">
      <Filter>Header Files\Network\RakNet</Filter>
    </ClInclude>
    <ClInclude Include="..\Vendor\RakNet\Source\GridSectorizer.h">
      <Filter>Header Files\Network\RakNet</Filter>
    </ClInclude>
    <ClInclude Include="..\Vendor\RakNet\Source\HTTPConnection.h">
      <Filter>Header Files\Network\RakNet</Filter>
    </ClInclude>
    <ClInclude Include="..\Vendor\RakNet\Source\IncrementalReadInterface.h">
      <Filter>Header Files\Network\RakNet</Filter>
    </ClInclude>
    <ClInclude Include="..\Vendor\RakNet\Source\InternalPacket.h">
      <Filter>Header Files\Network\RakNet</Filter>
    </ClInclude>
    <ClInclude Include="..\Vendor\RakNet\Source\Itoa.h">
      <Filter>Header Files\Network\RakNet</Filter>
    </ClInclude>
    <ClInclude Include="..\Vendor\RakNet\Source\Kbhit.h">
      <Filter>Header Files\Network\RakNet</Filter>
    </ClInclude>
    <ClInclude Include="..\Vendor\RakNet\Source\LinuxStrings.h">
      <Filter>Header Files\Network\RakNet</Filter>
    </ClInclude>
    <ClInclude Include="..\Vendor\RakNet\Source\LocklessTypes.h">
      <Filter>Header Files\Network\RakNet</Filter>
    </ClInclude>
    <ClInclude Include="..\Vendor\RakNet\Source\LogCommandParser.h">
      <Filter>Header Files\Network\RakNet</Filter>
    </ClInclude>
    <ClInclude Include="..\Vendor\RakNet\Source\MessageFilter.h">
      <Filter>Header Files\Network\RakNet</Filter>
    </ClInclude>
    <ClInclude Include="..\Vendor\RakNet\Source\MessageIdentifiers.h">
      <Filter>Header Files\Network\RakNet</Filter>
    </ClInclude>
    <ClInclude Include="..\Vendor\RakNet\Source\MTUSize.h">
      <Filter>Header Files\Network\RakNet</Filter>
    </ClInclude>
    <ClInclude Include="..\Vendor\RakNet\Source\NativeFeatureIncludes.h">
      <Filter>Header Files\Network\RakNet</Filter>
    </ClInclude>
    <ClInclude Include="..\Vendor\RakNet\Source\NativeFeatureIncludesOverrides.h">
      <Filter>Header Files\Network\RakNet</Filter>
    </ClInclude>
    <ClInclude Include="..\Vendor\RakNet\Source\NativeTypes.h">
      <Filter>Header Files\Network\RakNet</Filter>
    </ClInclude>
    <ClInclude Include="..\Vendor\RakNet\Source\NatPunchthroughClient.h">
      <Filter>Header Files\Network\RakNet</Filter>
    </ClInclude>
    <ClInclude Include="..\Vendor\RakNet\Source\NatPunchthroughServer.h">
      <Filter>Header Files\Network\RakNet</Filter>
    </ClInclude>
    <ClInclude Include="..\Vendor\RakNet\Source\NatTypeDetectionClient.h">
      <Filter>Header Files\Network\RakNet</Filter>
    </ClInclude>
    <ClInclude Include="..\Vendor\RakNet\Source\NatTypeDetectionCommon.h">
      <Filter>Header Files\Network\RakNet</Filter>
    </ClInclude>
    <ClInclude Include="..\Vendor\RakNet\Source\NatTypeDetectionServer.h">
      <Filter>Header Files\Network\RakNet</Filter>
    </ClInclude>
    <ClInclude Include="..\Vendor\RakNet\Source\NetworkIDManager.h">
      <Filter>Header Files\Network\RakNet</Filter>
    </ClInclude>
    <ClInclude Include="..\Vendor\RakNet\Source\NetworkIDObject.h">
      <Filter>Header Files\Network\RakNet</Filter>
    </ClInclude>
    <ClInclude Include="..\Vendor\RakNet\Source\PacketConsoleLogger.h">
      <Filter>Header Files\Network\RakNet</Filter>
    </ClInclude>
    <ClInclude Include="..\Vendor\RakNet\Source\PacketFileLogger.h">
      <Filter>Header Files\Network\RakNet</Filter>
    </ClInclude>
    <ClInclude Include="..\Vendor\RakNet\Source\PacketizedTCP.h">
      <Filter>Header Files\Network\RakNet</Filter>
    </ClInclude>
    <ClInclude Include="..\Vendor\RakNet\Source\PacketLogger.h">
      <Filter>Header Files\Network\RakNet</Filter>
    </ClInclude>
    <ClInclude Include="..\Vendor\RakNet\Source\PacketOutputWindowLogger.h">
      <Filter>Header Files\Network\RakNet</Filter>
    </ClInclude>
    <ClInclude Include="..\Vendor\RakNet\Source\PacketPool.h">
      <Filter>Header Files\Network\RakNet</Filter>
    </ClInclude>
    <ClInclude Include="..\Vendor\RakNet\Source\PacketPriority.h">
      <Filter>Header Files\Network\RakNet</Filter>
    </ClInclude>
    <ClInclude Include="..\Vendor\RakNet\Source\PluginInterface2.h">
      <Filter>Header Files\Network\RakNet</Filter>
    </ClInclude>
    <ClInclude Include="..\Vendor\RakNet\Source\PS3Includes.h">
      <Filter>Header Files\Network\RakNet</Filter>
    </ClInclude>
    <ClInclude Include="..\Vendor\RakNet\Source\Rackspace.h">
      <Filter>Header Files\Network\RakNet</Filter>
    </ClInclude>
    <ClInclude Include="..\Vendor\RakNet\Source\RakAlloca.h">
      <Filter>Header Files\Network\RakNet</Filter>
    </ClInclude>
    <ClInclude Include="..\Vendor\RakNet\Source\RakAssert.h">
      <Filter>Header Files\Network\RakNet</Filter>
    </ClInclude>
    <ClInclude Include="..\Vendor\RakNet\Source\RakMemoryOverride.h">
      <Filter>Header Files\Network\RakNet</Filter>
    </ClInclude>
    <ClInclude Include="..\Vendor\RakNet\Source\RakNetCommandParser.h">
      <Filter>Header Files\Network\RakNet</Filter>
    </ClInclude>
    <ClInclude Include="..\Vendor\RakNet\Source\RakNetDefines.h">
      <Filter>Header Files\Network\RakNet</Filter>
    </ClInclude>
    <ClInclude Include="..\Vendor\RakNet\Source\RakNetDefinesOverrides.h">
      <Filter>Header Files\Network\RakNet</Filter>
    </ClInclude>
    <ClInclude Include="..\Vendor\RakNet\Source\RakNetSmartPtr.h">
      <Filter>Header Files\Network\RakNet</Filter>
    </ClInclude>
    <ClInclude Include="..\Vendor\RakNet\Source\RakNetSocket.h">
      <Filter>Header Files\Network\RakNet</Filter>
    </ClInclude>
    <ClInclude Include="..\Vendor\RakNet\Source\RakNetStatistics.h">
      <Filter>Header Files\Network\RakNet</Filter>
    </ClInclude>
    <ClInclude Include="..\Vendor\RakNet\Source\RakNetTime.h">
      <Filter>Header Files\Network\RakNet</Filter>
    </ClInclude>
    <ClInclude Include="..\Vendor\RakNet\Source\RakNetTransport2.h">
      <Filter>Header Files\Network\RakNet</Filter>
    </ClInclude>
    <ClInclude Include="..\Vendor\RakNet\Source\RakNetTypes.h">
      <Filter>Header Files\Network\RakNet</Filter>
    </ClInclude>
    <ClInclude Include="..\Vendor\RakNet\Source\RakNetVersion.h">
      <Filter>Header Files\Network\RakNet</Filter>
    </ClInclude>
    <ClInclude Include="..\Vendor\RakNet\Source\RakPeer.h">
      <Filter>Header Files\Network\RakNet</Filter>
    </ClInclude>
    <ClInclude Include="..\Vendor\RakNet\Source\RakPeerInterface.h">
      <Filter>Header Files\Network\RakNet</Filter>
    </ClInclude>
    <ClInclude Include="..\Vendor\RakNet\Source\RakSleep.h">
      <Filter>Header Files\Network\RakNet</Filter>
    </ClInclude>
    <ClInclude Include="..\Vendor\RakNet\Source\RakString.h">
      <Filter>Header Files\Network\RakNet</Filter>
    </ClInclude>
    <ClInclude Include="..\Vendor\RakNet\Source\RakThread.h">
      <Filter>Header Files\Network\RakNet</Filter>
    </ClInclude>
    <ClInclude Include="..\Vendor\RakNet\Source\RakWString.h">
      <Filter>Header Files\Network\RakNet</Filter>
    </ClInclude>
    <ClInclude Include="..\Vendor\RakNet\Source\Rand.h">
      <Filter>Header Files\Network\RakNet</Filter>
    </ClInclude>
    <ClInclude Include="..\Vendor\RakNet\Source\rdlmalloc-options.h">
      <Filter>Header Files\Network\RakNet</Filter>
    </ClInclude>
    <ClInclude Include="..\Vendor\RakNet\Source\rdlmalloc.h">
      <Filter>Header Files\Network\RakNet</Filter>
    </ClInclude>
    <ClInclude Include="..\Vendor\RakNet\Source\ReadyEvent.h">
      <Filter>Header Files\Network\RakNet</Filter>
    </ClInclude>
    <ClInclude Include="..\Vendor\RakNet\Source\RefCountedObj.h">
      <Filter>Header Files\Network\RakNet</Filter>
    </ClInclude>
    <ClInclude Include="..\Vendor\RakNet\Source\ReliabilityLayer.h">
      <Filter>Header Files\Network\RakNet</Filter>
    </ClInclude>
    <ClInclude Include="..\Vendor\RakNet\Source\ReplicaEnums.h">
      <Filter>Header Files\Network\RakNet</Filter>
    </ClInclude>
    <ClInclude Include="..\Vendor\RakNet\Source\ReplicaManager3.h">
      <Filter>Header Files\Network\RakNet</Filter>
    </ClInclude>
    <ClInclude Include="..\Vendor\RakNet\Source\Router2.h">
      <Filter>Header Files\Network\RakNet</Filter>
    </ClInclude>
    <ClInclude Include="..\Vendor\RakNet\Source\RPC4Plugin.h">
      <Filter>Header Files\Network\RakNet</Filter>
    </ClInclude>
    <ClInclude Include="..\Vendor\RakNet\Source\SecureHandshake.h">
      <Filter>Header Files\Network\RakNet</Filter>
    </ClInclude>
    <ClInclude Include="..\Vendor\RakNet\Source\SendToThread.h">
      <Filter>Header Files\Network\RakNet</Filter>
    </ClInclude>
    <ClInclude Include="..\Vendor\RakNet\Source\SHA1.h">
      <Filter>Header Files\Network\RakNet</Filter>
    </ClInclude>
    <ClInclude Include="..\Vendor\RakNet\Source\SignaledEvent.h">
      <Filter>Header Files\Network\RakNet</Filter>
    </ClInclude>
    <ClInclude Include="..\Vendor\RakNet\Source\SimpleMutex.h">
      <Filter>Header Files\Network\RakNet</Filter>
    </ClInclude>
    <ClInclude Include="..\Vendor\RakNet\Source\SimpleTCPServer.h">
      <Filter>Header Files\Network\RakNet</Filter>
    </ClInclude>
    <ClInclude Include="..\Vendor\RakNet\Source\SingleProducerConsumer.h">
      <Filter>Header Files\Network\RakNet</Filter>
    </ClInclude>
    <ClInclude Include="..\Vendor\RakNet\Source\SocketDefines.h">
      <Filter>Header Files\Network\RakNet</Filter>
    </ClInclude>
    <ClInclude Include="..\Vendor\RakNet\Source\SocketIncludes.h">
      <Filter>Header Files\Network\RakNet</Filter>
    </ClInclude>
    <ClInclude Include="..\Vendor\RakNet\Source\SocketLayer.h">
      <Filter>Header Files\Network\RakNet</Filter>
    </ClInclude>
    <ClInclude Include="..\Vendor\RakNet\Source\StringCompressor.h">
      <Filter>Header Files\Network\RakNet</Filter>
    </ClInclude>
    <ClInclude Include="..\Vendor\RakNet\Source\StringTable.h">
      <Filter>Header Files\Network\RakNet</Filter>
    </ClInclude>
    <ClInclude Include="..\Vendor\RakNet\Source\SuperFastHash.h">
      <Filter>Header Files\Network\RakNet</Filter>
    </ClInclude>
    <ClInclude Include="..\Vendor\RakNet\Source\TableSerializer.h">
      <Filter>Header Files\Network\RakNet</Filter>
    </ClInclude>
    <ClInclude Include="..\Vendor\RakNet\Source\TCPInterface.h">
      <Filter>Header Files\Network\RakNet</Filter>
    </ClInclude>
    <ClInclude Include="..\Vendor\RakNet\Source\TeamBalancer.h">
      <Filter>Header Files\Network\RakNet</Filter>
    </ClInclude>
    <ClInclude Include="..\Vendor\RakNet\Source\TelnetTransport.h">
      <Filter>Header Files\Network\RakNet</Filter>
    </ClInclude>
    <ClInclude Include="..\Vendor\RakNet\Source\ThreadPool.h">
      <Filter>Header Files\Network\RakNet</Filter>
    </ClInclude>
    <ClInclude Include="..\Vendor\RakNet\Source\ThreadsafePacketLogger.h">
      <Filter>Header Files\Network\RakNet</Filter>
    </ClInclude>
    <ClInclude Include="..\Vendor\RakNet\Source\TransportInterface.h">
      <Filter>Header Files\Network\RakNet</Filter>
    </ClInclude>
    <ClInclude Include="..\Vendor\RakNet\Source\TwoWayAuthentication.h">
      <Filter>Header Files\Network\RakNet</Filter>
    </ClInclude>
    <ClInclude Include="..\Vendor\RakNet\Source\UDPForwarder.h">
      <Filter>Header Files\Network\RakNet</Filter>
    </ClInclude>
    <ClInclude Include="..\Vendor\RakNet\Source\UDPProxyClient.h">
      <Filter>Header Files\Network\RakNet</Filter>
    </ClInclude>
    <ClInclude Include="..\Vendor\RakNet\Source\UDPProxyCommon.h">
      <Filter>Header Files\Network\RakNet</Filter>
    </ClInclude>
    <ClInclude Include="..\Vendor\RakNet\Source\UDPProxyCoordinator.h">
      <Filter>Header Files\Network\RakNet</Filter>
    </ClInclude>
    <ClInclude Include="..\Vendor\RakNet\Source\UDPProxyServer.h">
      <Filter>Header Files\Network\RakNet</Filter>
    </ClInclude>
    <ClInclude Include="..\Vendor\RakNet\Source\VariableDeltaSerializer.h">
      <Filter>Header Files\Network\RakNet</Filter>
    </ClInclude>
    <ClInclude Include="..\Vendor\RakNet\Source\VariableListDeltaTracker.h">
      <Filter>Header Files\Network\RakNet</Filter>
    </ClInclude>
    <ClInclude Include="..\Vendor\RakNet\Source\VariadicSQLParser.h">
      <Filter>Header Files\Network\RakNet</Filter>
    </ClInclude>
    <ClInclude Include="..\Vendor\RakNet\Source\VitaIncludes.h">
      <Filter>Header Files\Network\RakNet</Filter>
    </ClInclude>
    <ClInclude Include="..\Vendor\RakNet\Source\WindowsIncludes.h">
      <Filter>Header Files\Network\RakNet</Filter>
    </ClInclude>
    <ClInclude Include="..\Vendor\RakNet\Source\WSAStartupSingleton.h">
      <Filter>Header Files\Network\RakNet</Filter>
    </ClInclude>
    <ClInclude Include="..\Vendor\RakNet\Source\XBox360Includes.h">
      <Filter>Header Files\Network\RakNet</Filter>
    </ClInclude>
    <ClInclude Include="CQuery.h">
      <Filter>Header Files\Network\Query</Filter>
    </ClInclude>
    <ClInclude Include="CEventManager.h">
      <Filter>Header Files\Scripting</Filter>
    </ClInclude>
    <ClInclude Include="CResource.h">
      <Filter>Header Files\Scripting</Filter>
    </ClInclude>
    <ClInclude Include="CResourceManager.h">
      <Filter>Header Files\Scripting</Filter>
    </ClInclude>
    <ClInclude Include="CResourceScript.h">
      <Filter>Header Files\Scripting</Filter>
    </ClInclude>
    <ClInclude Include="CSquirrelArguments.h">
      <Filter>Header Files\Scripting</Filter>
    </ClInclude>
    <ClInclude Include="..\Vendor\Squirrel\squirrel\sqarray.h">
      <Filter>Header Files\Scripting\Squirrel</Filter>
    </ClInclude>
    <ClInclude Include="..\Vendor\Squirrel\squirrel\sqclass.h">
      <Filter>Header Files\Scripting\Squirrel</Filter>
    </ClInclude>
    <ClInclude Include="..\Vendor\Squirrel\squirrel\sqclosure.h">
      <Filter>Header Files\Scripting\Squirrel</Filter>
    </ClInclude>
    <ClInclude Include="..\Vendor\Squirrel\squirrel\sqcompiler.h">
      <Filter>Header Files\Scripting\Squirrel</Filter>
    </ClInclude>
    <ClInclude Include="..\Vendor\Squirrel\squirrel\sqfuncproto.h">
      <Filter>Header Files\Scripting\Squirrel</Filter>
    </ClInclude>
    <ClInclude Include="..\Vendor\Squirrel\squirrel\sqfuncstate.h">
      <Filter>Header Files\Scripting\Squirrel</Filter>
    </ClInclude>
    <ClInclude Include="..\Vendor\Squirrel\squirrel\sqlexer.h">
      <Filter>Header Files\Scripting\Squirrel</Filter>
    </ClInclude>
    <ClInclude Include="..\Vendor\Squirrel\squirrel\sqobject.h">
      <Filter>Header Files\Scripting\Squirrel</Filter>
    </ClInclude>
    <ClInclude Include="..\Vendor\Squirrel\squirrel\sqopcodes.h">
      <Filter>Header Files\Scripting\Squirrel</Filter>
    </ClInclude>
    <ClInclude Include="..\Vendor\Squirrel\squirrel\sqpcheader.h">
      <Filter>Header Files\Scripting\Squirrel</Filter>
    </ClInclude>
    <ClInclude Include="..\Vendor\Squirrel\squirrel\sqstate.h">
      <Filter>Header Files\Scripting\Squirrel</Filter>
    </ClInclude>
    <ClInclude Include="..\Vendor\Squirrel\include\sqstdaux.h">
      <Filter>Header Files\Scripting\Squirrel</Filter>
    </ClInclude>
    <ClInclude Include="..\Vendor\Squirrel\include\sqstdblob.h">
      <Filter>Header Files\Scripting\Squirrel</Filter>
    </ClInclude>
    <ClInclude Include="..\Vendor\Squirrel\sqstdlib\sqstdblobimpl.h">
      <Filter>Header Files\Scripting\Squirrel</Filter>
    </ClInclude>
    <ClInclude Include="..\Vendor\Squirrel\include\sqstdio.h">
      <Filter>Header Files\Scripting\Squirrel</Filter>
    </ClInclude>
    <ClInclude Include="..\Vendor\Squirrel\include\sqstdmath.h">
      <Filter>Header Files\Scripting\Squirrel</Filter>
    </ClInclude>
    <ClInclude Include="..\Vendor\Squirrel\sqstdlib\sqstdstream.h">
      <Filter>Header Files\Scripting\Squirrel</Filter>
    </ClInclude>
    <ClInclude Include="..\Vendor\Squirrel\include\sqstdstring.h">
      <Filter>Header Files\Scripting\Squirrel</Filter>
    </ClInclude>
    <ClInclude Include="..\Vendor\Squirrel\include\sqstdsystem.h">
      <Filter>Header Files\Scripting\Squirrel</Filter>
    </ClInclude>
    <ClInclude Include="..\Vendor\Squirrel\squirrel\sqstring.h">
      <Filter>Header Files\Scripting\Squirrel</Filter>
    </ClInclude>
    <ClInclude Include="..\Vendor\Squirrel\squirrel\sqtable.h">
      <Filter>Header Files\Scripting\Squirrel</Filter>
    </ClInclude>
    <ClInclude Include="..\Vendor\Squirrel\include\squirrel.h">
      <Filter>Header Files\Scripting\Squirrel</Filter>
    </ClInclude>
    <ClInclude Include="..\Vendor\Squirrel\squirrel\squserdata.h">
      <Filter>Header Files\Scripting\Squirrel</Filter>
    </ClInclude>
    <ClInclude Include="..\Vendor\Squirrel\squirrel\squtils.h">
      <Filter>Header Files\Scripting\Squirrel</Filter>
    </ClInclude>
    <ClInclude Include="..\Vendor\Squirrel\squirrel\sqvm.h">
      <Filter>Header Files\Scripting\Squirrel</Filter>
    </ClInclude>
    <ClInclude Include="Natives\CEventNatives.h">
      <Filter>Header Files\Scripting\Natives</Filter>
    </ClInclude>
    <ClInclude Include="Natives\CPlayerNatives.h">
      <Filter>Header Files\Scripting\Natives</Filter>
    </ClInclude>
  </ItemGroup>
</Project>